
Microsoft Visual Studio Solution File, Format Version 12.00
# Visual Studio Version 16
VisualStudioVersion = 16.0.29519.87
MinimumVisualStudioVersion = 10.0.40219.1
Project("{FAE04EC0-301F-11D3-BF4B-00C04F79EFBC}") = "GroceryMarket", "GroceryMarket\GroceryMarket.csproj", "{F1E8CBE5-D941-4F61-9A5C-1CB8D0441CDD}"
EndProject
Project("{FAE04EC0-301F-11D3-BF4B-00C04F79EFBC}") = "GroceryMarketTests", "GroceryMarketTests\GroceryMarketTests.csproj", "{34C996A8-8355-4FB0-AEAE-13567DDA15C7}"
EndProject
Global
	GlobalSection(SolutionConfigurationPlatforms) = preSolution
		Debug|Any CPU = Debug|Any CPU
		Release|Any CPU = Release|Any CPU
	EndGlobalSection
	GlobalSection(ProjectConfigurationPlatforms) = postSolution
		{F1E8CBE5-D941-4F61-9A5C-1CB8D0441CDD}.Debug|Any CPU.ActiveCfg = Debug|Any CPU
		{F1E8CBE5-D941-4F61-9A5C-1CB8D0441CDD}.Debug|Any CPU.Build.0 = Debug|Any CPU
		{F1E8CBE5-D941-4F61-9A5C-1CB8D0441CDD}.Release|Any CPU.ActiveCfg = Release|Any CPU
		{F1E8CBE5-D941-4F61-9A5C-1CB8D0441CDD}.Release|Any CPU.Build.0 = Release|Any CPU
		{34C996A8-8355-4FB0-AEAE-13567DDA15C7}.Debug|Any CPU.ActiveCfg = Debug|Any CPU
		{34C996A8-8355-4FB0-AEAE-13567DDA15C7}.Debug|Any CPU.Build.0 = Debug|Any CPU
		{34C996A8-8355-4FB0-AEAE-13567DDA15C7}.Release|Any CPU.ActiveCfg = Release|Any CPU
		{34C996A8-8355-4FB0-AEAE-13567DDA15C7}.Release|Any CPU.Build.0 = Release|Any CPU
	EndGlobalSection
	GlobalSection(SolutionProperties) = preSolution
		HideSolutionNode = FALSE
	EndGlobalSection
	GlobalSection(ExtensibilityGlobals) = postSolution
		SolutionGuid = {BBA735FD-0A31-4767-84AF-0E927A85E5DE}
	EndGlobalSection
EndGlobal
